
Microsoft Visual Studio Solution File, Format Version 12.00
# Visual Studio Version 17
VisualStudioVersion = 17.0.31903.59
MinimumVisualStudioVersion = 10.0.40219.1
Project("{FAE04EC0-301F-11D3-BF4B-00C04F79EFBC}") = "Shapes", "Shapes\Shapes.csproj", "{90BEE7D3-C2B0-4B21-A868-E3B7A54A9F1A}"
EndProject
Project("{FAE04EC0-301F-11D3-BF4B-00C04F79EFBC}") = "Library", "Library\Library.csproj", "{A5F7CB3A-DF68-482C-B308-25FF948C3AAB}"
EndProject
Project("{2150E333-8FDC-42A3-9474-1A3956D46DE8}") = "Day4", "Day4", "{BD6AAE97-F9C4-41DE-ACA9-DF503C8F1E71}"
EndProject
Project("{FAE04EC0-301F-11D3-BF4B-00C04F79EFBC}") = "Task Manager", "Day4\Task Manager\Task Manager.csproj", "{94073611-2F5F-4AA0-A8C1-06683C6D5F53}"
EndProject
Global
	GlobalSection(SolutionConfigurationPlatforms) = preSolution
		Debug|Any CPU = Debug|Any CPU
		Release|Any CPU = Release|Any CPU
	EndGlobalSection
	GlobalSection(SolutionProperties) = preSolution
		HideSolutionNode = FALSE
	EndGlobalSection
	GlobalSection(ProjectConfigurationPlatforms) = postSolution
		{90BEE7D3-C2B0-4B21-A868-E3B7A54A9F1A}.Debug|Any CPU.ActiveCfg = Debug|Any CPU
		{90BEE7D3-C2B0-4B21-A868-E3B7A54A9F1A}.Debug|Any CPU.Build.0 = Debug|Any CPU
		{90BEE7D3-C2B0-4B21-A868-E3B7A54A9F1A}.Release|Any CPU.ActiveCfg = Release|Any CPU
		{90BEE7D3-C2B0-4B21-A868-E3B7A54A9F1A}.Release|Any CPU.Build.0 = Release|Any CPU
		{A5F7CB3A-DF68-482C-B308-25FF948C3AAB}.Debug|Any CPU.ActiveCfg = Debug|Any CPU
		{A5F7CB3A-DF68-482C-B308-25FF948C3AAB}.Debug|Any CPU.Build.0 = Debug|Any CPU
		{A5F7CB3A-DF68-482C-B308-25FF948C3AAB}.Release|Any CPU.ActiveCfg = Release|Any CPU
		{A5F7CB3A-DF68-482C-B308-25FF948C3AAB}.Release|Any CPU.Build.0 = Release|Any CPU
		{C5A76769-E967-499C-A8BF-72B966B9E5E0}.Debug|Any CPU.ActiveCfg = Debug|Any CPU
		{C5A76769-E967-499C-A8BF-72B966B9E5E0}.Debug|Any CPU.Build.0 = Debug|Any CPU
		{C5A76769-E967-499C-A8BF-72B966B9E5E0}.Release|Any CPU.ActiveCfg = Release|Any CPU
		{C5A76769-E967-499C-A8BF-72B966B9E5E0}.Release|Any CPU.Build.0 = Release|Any CPU
		{94073611-2F5F-4AA0-A8C1-06683C6D5F53}.Debug|Any CPU.ActiveCfg = Debug|Any CPU
		{94073611-2F5F-4AA0-A8C1-06683C6D5F53}.Debug|Any CPU.Build.0 = Debug|Any CPU
		{94073611-2F5F-4AA0-A8C1-06683C6D5F53}.Release|Any CPU.ActiveCfg = Release|Any CPU
		{94073611-2F5F-4AA0-A8C1-06683C6D5F53}.Release|Any CPU.Build.0 = Release|Any CPU
	EndGlobalSection
	GlobalSection(NestedProjects) = preSolution
		{C5A76769-E967-499C-A8BF-72B966B9E5E0} = {371CB029-6287-4232-BD12-A2591BF9A306}
		{94073611-2F5F-4AA0-A8C1-06683C6D5F53} = {BD6AAE97-F9C4-41DE-ACA9-DF503C8F1E71}
	EndGlobalSection
EndGlobal
